
Microsoft Visual Studio Solution File, Format Version 12.00
# Visual Studio 15
VisualStudioVersion = 15.0.26127.0
MinimumVisualStudioVersion = 10.0.40219.1
Project("{2150E333-8FDC-42A3-9474-1A3956D46DE8}") = "src", "src", "{46376E41-B217-4938-8E5C-0D9298951B3C}"
EndProject
Project("{FAE04EC0-301F-11D3-BF4B-00C04F79EFBC}") = "FontColorExperiment", "src\FontColorExperiment\FontColorExperiment.csproj", "{E35DCA1A-0024-45C8-989D-D858D41A1F84}"
EndProject
Project("{FAE04EC0-301F-11D3-BF4B-00C04F79EFBC}") = "FontColorSampleManager", "src\FontColorSampleManager\FontColorSampleManager.csproj", "{4277043D-ABB0-4132-B136-83DD5B5AFC50}"
EndProject
Global
	GlobalSection(SolutionConfigurationPlatforms) = preSolution
		Debug|Any CPU = Debug|Any CPU
		Debug|x64 = Debug|x64
		Debug|x86 = Debug|x86
		Release|Any CPU = Release|Any CPU
		Release|x64 = Release|x64
		Release|x86 = Release|x86
	EndGlobalSection
	GlobalSection(ProjectConfigurationPlatforms) = postSolution
		{E35DCA1A-0024-45C8-989D-D858D41A1F84}.Debug|Any CPU.ActiveCfg = Debug|Any CPU
		{E35DCA1A-0024-45C8-989D-D858D41A1F84}.Debug|Any CPU.Build.0 = Debug|Any CPU
		{E35DCA1A-0024-45C8-989D-D858D41A1F84}.Debug|x64.ActiveCfg = Debug|x64
		{E35DCA1A-0024-45C8-989D-D858D41A1F84}.Debug|x64.Build.0 = Debug|x64
		{E35DCA1A-0024-45C8-989D-D858D41A1F84}.Debug|x86.ActiveCfg = Debug|x86
		{E35DCA1A-0024-45C8-989D-D858D41A1F84}.Debug|x86.Build.0 = Debug|x86
		{E35DCA1A-0024-45C8-989D-D858D41A1F84}.Release|Any CPU.ActiveCfg = Release|Any CPU
		{E35DCA1A-0024-45C8-989D-D858D41A1F84}.Release|Any CPU.Build.0 = Release|Any CPU
		{E35DCA1A-0024-45C8-989D-D858D41A1F84}.Release|x64.ActiveCfg = Release|x64
		{E35DCA1A-0024-45C8-989D-D858D41A1F84}.Release|x64.Build.0 = Release|x64
		{E35DCA1A-0024-45C8-989D-D858D41A1F84}.Release|x86.ActiveCfg = Release|x86
		{E35DCA1A-0024-45C8-989D-D858D41A1F84}.Release|x86.Build.0 = Release|x86
		{4277043D-ABB0-4132-B136-83DD5B5AFC50}.Debug|Any CPU.ActiveCfg = Debug|Any CPU
		{4277043D-ABB0-4132-B136-83DD5B5AFC50}.Debug|Any CPU.Build.0 = Debug|Any CPU
		{4277043D-ABB0-4132-B136-83DD5B5AFC50}.Debug|x64.ActiveCfg = Debug|Any CPU
		{4277043D-ABB0-4132-B136-83DD5B5AFC50}.Debug|x64.Build.0 = Debug|Any CPU
		{4277043D-ABB0-4132-B136-83DD5B5AFC50}.Debug|x86.ActiveCfg = Debug|Any CPU
		{4277043D-ABB0-4132-B136-83DD5B5AFC50}.Debug|x86.Build.0 = Debug|Any CPU
		{4277043D-ABB0-4132-B136-83DD5B5AFC50}.Release|Any CPU.ActiveCfg = Release|Any CPU
		{4277043D-ABB0-4132-B136-83DD5B5AFC50}.Release|Any CPU.Build.0 = Release|Any CPU
		{4277043D-ABB0-4132-B136-83DD5B5AFC50}.Release|x64.ActiveCfg = Release|Any CPU
		{4277043D-ABB0-4132-B136-83DD5B5AFC50}.Release|x64.Build.0 = Release|Any CPU
		{4277043D-ABB0-4132-B136-83DD5B5AFC50}.Release|x86.ActiveCfg = Release|Any CPU
		{4277043D-ABB0-4132-B136-83DD5B5AFC50}.Release|x86.Build.0 = Release|Any CPU
	EndGlobalSection
	GlobalSection(SolutionProperties) = preSolution
		HideSolutionNode = FALSE
	EndGlobalSection
	GlobalSection(NestedProjects) = preSolution
		{E35DCA1A-0024-45C8-989D-D858D41A1F84} = {46376E41-B217-4938-8E5C-0D9298951B3C}
		{4277043D-ABB0-4132-B136-83DD5B5AFC50} = {46376E41-B217-4938-8E5C-0D9298951B3C}
	EndGlobalSection
EndGlobal
